<?xml version="1.0" encoding="utf-8"?>
<Project ToolsVersion="4.0" xmlns="http://schemas.microsoft.com/developer/msbuild/2003">
  <ItemGroup>
    <Filter Include="enet">
      <UniqueIdentifier>{be368865-a0b0-4e05-8267-d478ee4086de}</UniqueIdentifier>
    </Filter>
  </ItemGroup>
  <ItemGroup>
    <ClInclude Include="enet\callbacks.h">
      <Filter>enet</Filter>
    </ClInclude>
    <ClInclude Include="enet\enet.h">
      <Filter>enet</Filter>
    </ClInclude>
    <ClInclude Include="enet\list.h">
      <Filter>enet</Filter>
    </ClInclude>
    <ClInclude Include="enet\protocol.h">
      <Filter>enet</Filter>
    </ClInclude>
    <ClInclude Include="enet\time.h">
      <Filter>enet</Filter>
    </ClInclude>
    <ClInclude Include="enet\types.h">
      <Filter>enet</Filter>
    </ClInclude>
    <ClInclude Include="enet\unix.h">
      <Filter>enet</Filter>
    </ClInclude>
    <ClInclude Include="enet\utility.h">
      <Filter>enet</Filter>
    </ClInclude>
    <ClInclude Include="enet\win32.h">
      <Filter>enet</Filter>
    </ClInclude>
    <ClInclude Include="main.h" />
    <ClInclude Include="RCEnetTypes.h" />
    <ClInclude Include="TrafficMonitor.h" />
  </ItemGroup>
  <ItemGroup>
    <Library Include="enet\EnetLib.lib">
      <Filter>enet</Filter>
    </Library>
  </ItemGroup>
  <ItemGroup>
    <ClCompile Include="main.cpp" />
    <ClCompile Include="TrafficMonitor.cpp" />
  </ItemGroup>
</Project>